<?xml version="1.0" encoding="utf-8"?>
<Project ToolsVersion="4.0" xmlns="http://schemas.microsoft.com/developer/msbuild/2003">
  <ItemGroup>
    <Filter Include="Source Files">
      <UniqueIdentifier>{4FC737F1-C7A5-4376-A066-2A32D752A2FF}</UniqueIdentifier>
      <Extensions>cpp;c;cc;cxx;def;odl;idl;hpj;bat;asm;asmx</Extensions>
    </Filter>
    <Filter Include="Header Files">
      <UniqueIdentifier>{93995380-89BD-4b04-88EB-625FBE52EBFB}</UniqueIdentifier>
      <Extensions>h;hh;hpp;hxx;hm;inl;inc;xsd</Extensions>
    </Filter>
    <Filter Include="Resource Files">
      <UniqueIdentifier>{67DA6AB6-F800-4c08-8B7A-83BB121AAD01}</UniqueIdentifier>
      <Extensions>rc;ico;cur;bmp;dlg;rc2;rct;bin;rgs;gif;jpg;jpeg;jpe;resx;tiff;tif;png;wav;mfcribbon-ms</Extensions>
    </Filter>
  </ItemGroup>
  <ItemGroup>
    <Text Include="ReadMe.txt" />
  </ItemGroup>
  <ItemGroup>
    <ClCompile Include="..\..\htk\HTKLib\esig_asc.c">
      <Filter>Source Files</Filter>
    </ClCompile>
    <ClCompile Include="..\..\htk\HTKLib\esig_edr.c">
      <Filter>Source Files</Filter>
    </ClCompile>
    <ClCompile Include="..\..\htk\HTKLib\esig_nat.c">
      <Filter>Source Files</Filter>
    </ClCompile>
    <ClCompile Include="..\..\htk\HTKLib\HAdapt.c">
      <Filter>Source Files</Filter>
    </ClCompile>
    <ClCompile Include="..\..\htk\HTKLib\HArc.c">
      <Filter>Source Files</Filter>
    </ClCompile>
    <ClCompile Include="..\..\htk\HTKLib\HAudio.c">
      <Filter>Source Files</Filter>
    </ClCompile>
    <ClCompile Include="..\..\htk\HTKLib\HDict.c">
      <Filter>Source Files</Filter>
    </ClCompile>
    <ClCompile Include="..\..\htk\HTKLib\HExactMPE.c">
      <Filter>Source Files</Filter>
    </ClCompile>
    <ClCompile Include="..\..\htk\HTKLib\HFB.c">
      <Filter>Source Files</Filter>
    </ClCompile>
    <ClCompile Include="..\..\htk\HTKLib\HFBLat.c">
      <Filter>Source Files</Filter>
    </ClCompile>
    <ClCompile Include="..\..\htk\HTKLib\HGen.c">
      <Filter>Source Files</Filter>
    </ClCompile>
    <ClCompile Include="..\..\htk\HTKLib\HGraf.null.c">
      <Filter>Source Files</Filter>
    </ClCompile>
    <ClCompile Include="..\..\htk\HTKLib\HGraf_WIN32.c">
      <Filter>Source Files</Filter>
    </ClCompile>
    <ClCompile Include="..\..\htk\HTKLib\HLabel.c">
      <Filter>Source Files</Filter>
    </ClCompile>
    <ClCompile Include="..\..\htk\HTKLib\HLat.c">
      <Filter>Source Files</Filter>
    </ClCompile>
    <ClCompile Include="..\..\htk\HTKLib\HLM.c">
      <Filter>Source Files</Filter>
    </ClCompile>
    <ClCompile Include="..\..\htk\HTKLib\HMap.c">
      <Filter>Source Files</Filter>
    </ClCompile>
    <ClCompile Include="..\..\htk\HTKLib\HMath.c">
      <Filter>Source Files</Filter>
    </ClCompile>
    <ClCompile Include="..\..\htk\HTKLib\HMem.c">
      <Filter>Source Files</Filter>
    </ClCompile>
    <ClCompile Include="..\..\htk\HTKLib\HModel.c">
      <Filter>Source Files</Filter>
    </ClCompile>
    <ClCompile Include="..\..\htk\HTKLib\HMTrain.c">
      <Filter>Source Files</Filter>
    </ClCompile>
    <ClCompile Include="..\..\htk\HTKLib\HNet.c">
      <Filter>Source Files</Filter>
    </ClCompile>
    <ClCompile Include="..\..\htk\HTKLib\HParm.c">
      <Filter>Source Files</Filter>
    </ClCompile>
    <ClCompile Include="..\..\htk\HTKLib\HRec.c">
      <Filter>Source Files</Filter>
    </ClCompile>
    <ClCompile Include="..\..\htk\HTKLib\HShell.c">
      <Filter>Source Files</Filter>
    </ClCompile>
    <ClCompile Include="..\..\htk\HTKLib\HSigP.c">
      <Filter>Source Files</Filter>
    </ClCompile>
    <ClCompile Include="..\..\htk\HTKLib\HTrain.c">
      <Filter>Source Files</Filter>
    </ClCompile>
    <ClCompile Include="..\..\htk\HTKLib\HUtil.c">
      <Filter>Source Files</Filter>
    </ClCompile>
    <ClCompile Include="..\..\htk\HTKLib\HVQ.c">
      <Filter>Source Files</Filter>
    </ClCompile>
    <ClCompile Include="..\..\htk\HTKLib\HWave.c">
      <Filter>Source Files</Filter>
    </ClCompile>
    <ClCompile Include="..\..\htk\HTKLib\strarr.c">
      <Filter>Source Files</Filter>
    </ClCompile>
    <ClCompile Include="..\..\htk\HTKLib\esignal.c">
      <Filter>Source Files</Filter>
    </ClCompile>
  </ItemGroup>
</Project>