<?xml version="1.0" encoding="utf-8"?>
<Project ToolsVersion="4.0" xmlns="http://schemas.microsoft.com/developer/msbuild/2003">
  <ItemGroup>
    <Filter Include="Source Files">
      <UniqueIdentifier>{4FC737F1-C7A5-4376-A066-2A32D752A2FF}</UniqueIdentifier>
      <Extensions>cpp;c;cc;cxx;def;odl;idl;hpj;bat;asm;asmx</Extensions>
    </Filter>
    <Filter Include="Header Files">
      <UniqueIdentifier>{93995380-89BD-4b04-88EB-625FBE52EBFB}</UniqueIdentifier>
      <Extensions>h;hh;hpp;hxx;hm;inl;inc;xsd</Extensions>
    </Filter>
    <Filter Include="Resource Files">
      <UniqueIdentifier>{67DA6AB6-F800-4c08-8B7A-83BB121AAD01}</UniqueIdentifier>
      <Extensions>rc;ico;cur;bmp;dlg;rc2;rct;bin;rgs;gif;jpg;jpeg;jpe;resx;tiff;tif;png;wav;mfcribbon-ms</Extensions>
    </Filter>
  </ItemGroup>
  <ItemGroup>
    <Text Include="ReadMe.txt" />
  </ItemGroup>
  <ItemGroup>
    <ClCompile Include="..\..\SPTK-3.7\lib\agexp.c">
      <Filter>Source Files</Filter>
    </ClCompile>
    <ClCompile Include="..\..\SPTK-3.7\lib\cholesky.c">
      <Filter>Source Files</Filter>
    </ClCompile>
    <ClCompile Include="..\..\SPTK-3.7\lib\fileio.c">
      <Filter>Source Files</Filter>
    </ClCompile>
    <ClCompile Include="..\..\SPTK-3.7\lib\fillz.c">
      <Filter>Source Files</Filter>
    </ClCompile>
    <ClCompile Include="..\..\SPTK-3.7\lib\getfp.c">
      <Filter>Source Files</Filter>
    </ClCompile>
    <ClCompile Include="..\..\SPTK-3.7\lib\getmem.c">
      <Filter>Source Files</Filter>
    </ClCompile>
    <ClCompile Include="..\..\SPTK-3.7\lib\gexp.c">
      <Filter>Source Files</Filter>
    </ClCompile>
    <ClCompile Include="..\..\SPTK-3.7\lib\glog.c">
      <Filter>Source Files</Filter>
    </ClCompile>
    <ClCompile Include="..\..\SPTK-3.7\lib\invert.c">
      <Filter>Source Files</Filter>
    </ClCompile>
    <ClCompile Include="..\..\SPTK-3.7\lib\matrix.c">
      <Filter>Source Files</Filter>
    </ClCompile>
    <ClCompile Include="..\..\SPTK-3.7\lib\movem.c">
      <Filter>Source Files</Filter>
    </ClCompile>
    <ClCompile Include="..\..\SPTK-3.7\lib\mseq.c">
      <Filter>Source Files</Filter>
    </ClCompile>
    <ClCompile Include="..\..\SPTK-3.7\lib\theq.c">
      <Filter>Source Files</Filter>
    </ClCompile>
    <ClCompile Include="..\..\SPTK-3.7\lib\toeplitz.c">
      <Filter>Source Files</Filter>
    </ClCompile>
    <ClCompile Include="..\..\SPTK-3.7\bin\freqt\_freqt.c">
      <Filter>Source Files</Filter>
    </ClCompile>
    <ClCompile Include="..\..\SPTK-3.7\bin\c2acr\_c2acr.c">
      <Filter>Source Files</Filter>
    </ClCompile>
    <ClCompile Include="..\..\SPTK-3.7\bin\acep\_acep.c">
      <Filter>Source Files</Filter>
    </ClCompile>
    <ClCompile Include="..\..\SPTK-3.7\bin\acorr\_acorr.c">
      <Filter>Source Files</Filter>
    </ClCompile>
    <ClCompile Include="..\..\SPTK-3.7\bin\agcep\_agcep.c">
      <Filter>Source Files</Filter>
    </ClCompile>
    <ClCompile Include="..\..\SPTK-3.7\bin\amcep\_amcep.c">
      <Filter>Source Files</Filter>
    </ClCompile>
    <ClCompile Include="..\..\SPTK-3.7\bin\average\_average.c">
      <Filter>Source Files</Filter>
    </ClCompile>
    <ClCompile Include="..\..\SPTK-3.7\bin\b2mc\_b2mc.c">
      <Filter>Source Files</Filter>
    </ClCompile>
    <ClCompile Include="..\..\SPTK-3.7\bin\c2ir\_c2ir.c">
      <Filter>Source Files</Filter>
    </ClCompile>
    <ClCompile Include="..\..\SPTK-3.7\bin\c2sp\_c2sp.c">
      <Filter>Source Files</Filter>
    </ClCompile>
    <ClCompile Include="..\..\SPTK-3.7\bin\clip\_clip.c">
      <Filter>Source Files</Filter>
    </ClCompile>
    <ClCompile Include="..\..\SPTK-3.7\bin\dct\_dct.c">
      <Filter>Source Files</Filter>
    </ClCompile>
    <ClCompile Include="..\..\SPTK-3.7\bin\df2\_df2.c">
      <Filter>Source Files</Filter>
    </ClCompile>
    <ClCompile Include="..\..\SPTK-3.7\bin\dfs\_dfs.c">
      <Filter>Source Files</Filter>
    </ClCompile>
    <ClCompile Include="..\..\SPTK-3.7\bin\fft\_fft.c">
      <Filter>Source Files</Filter>
    </ClCompile>
    <ClCompile Include="..\..\SPTK-3.7\bin\fft2\_fft2.c">
      <Filter>Source Files</Filter>
    </ClCompile>
    <ClCompile Include="..\..\SPTK-3.7\bin\fftcep\_fftcep.c">
      <Filter>Source Files</Filter>
    </ClCompile>
    <ClCompile Include="..\..\SPTK-3.7\bin\fftr\_fftr.c">
      <Filter>Source Files</Filter>
    </ClCompile>
    <ClCompile Include="..\..\SPTK-3.7\bin\fftr2\_fftr2.c">
      <Filter>Source Files</Filter>
    </ClCompile>
    <ClCompile Include="..\..\SPTK-3.7\bin\gc2gc\_gc2gc.c">
      <Filter>Source Files</Filter>
    </ClCompile>
    <ClCompile Include="..\..\SPTK-3.7\bin\gcep\_gcep.c">
      <Filter>Source Files</Filter>
    </ClCompile>
    <ClCompile Include="..\..\SPTK-3.7\bin\glsadf\_glsadf.c">
      <Filter>Source Files</Filter>
    </ClCompile>
    <ClCompile Include="..\..\SPTK-3.7\bin\gmm\_gmm.c">
      <Filter>Source Files</Filter>
    </ClCompile>
    <ClCompile Include="..\..\SPTK-3.7\bin\gnorm\_gnorm.c">
      <Filter>Source Files</Filter>
    </ClCompile>
    <ClCompile Include="..\..\SPTK-3.7\bin\grpdelay\_grpdelay.c">
      <Filter>Source Files</Filter>
    </ClCompile>
    <ClCompile Include="..\..\SPTK-3.7\bin\histogram\_histogram.c">
      <Filter>Source Files</Filter>
    </ClCompile>
    <ClCompile Include="..\..\SPTK-3.7\bin\ifft\_ifft.c">
      <Filter>Source Files</Filter>
    </ClCompile>
    <ClCompile Include="..\..\SPTK-3.7\bin\ifft2\_ifft2.c">
      <Filter>Source Files</Filter>
    </ClCompile>
    <ClCompile Include="..\..\SPTK-3.7\bin\ifftr\_ifftr.c">
      <Filter>Source Files</Filter>
    </ClCompile>
    <ClCompile Include="..\..\SPTK-3.7\bin\ignorm\_ignorm.c">
      <Filter>Source Files</Filter>
    </ClCompile>
    <ClCompile Include="..\..\SPTK-3.7\bin\imsvq\_imsvq.c">
      <Filter>Source Files</Filter>
    </ClCompile>
    <ClCompile Include="..\..\SPTK-3.7\bin\ivq\_ivq.c">
      <Filter>Source Files</Filter>
    </ClCompile>
    <ClCompile Include="..\..\SPTK-3.7\bin\lbg\_lbg.c">
      <Filter>Source Files</Filter>
    </ClCompile>
    <ClCompile Include="..\..\SPTK-3.7\bin\levdur\_levdur.c">
      <Filter>Source Files</Filter>
    </ClCompile>
    <ClCompile Include="..\..\SPTK-3.7\bin\lmadf\_lmadf.c">
      <Filter>Source Files</Filter>
    </ClCompile>
    <ClCompile Include="..\..\SPTK-3.7\bin\lpc\_lpc.c">
      <Filter>Source Files</Filter>
    </ClCompile>
    <ClCompile Include="..\..\SPTK-3.7\bin\lpc2c\_lpc2c.c">
      <Filter>Source Files</Filter>
    </ClCompile>
    <ClCompile Include="..\..\SPTK-3.7\bin\lpc2lsp\_lpc2lsp.c">
      <Filter>Source Files</Filter>
    </ClCompile>
    <ClCompile Include="..\..\SPTK-3.7\bin\lpc2par\_lpc2par.c">
      <Filter>Source Files</Filter>
    </ClCompile>
    <ClCompile Include="..\..\SPTK-3.7\bin\lsp2lpc\_lsp2lpc.c">
      <Filter>Source Files</Filter>
    </ClCompile>
    <ClCompile Include="..\..\SPTK-3.7\bin\lsp2sp\_lsp2sp.c">
      <Filter>Source Files</Filter>
    </ClCompile>
    <ClCompile Include="..\..\SPTK-3.7\bin\lspcheck\_lspcheck.c">
      <Filter>Source Files</Filter>
    </ClCompile>
    <ClCompile Include="..\..\SPTK-3.7\bin\lspdf\_lspdf.c">
      <Filter>Source Files</Filter>
    </ClCompile>
    <ClCompile Include="..\..\SPTK-3.7\bin\ltcdf\_ltcdf.c">
      <Filter>Source Files</Filter>
    </ClCompile>
    <ClCompile Include="..\..\SPTK-3.7\bin\mc2b\_mc2b.c">
      <Filter>Source Files</Filter>
    </ClCompile>
    <ClCompile Include="..\..\SPTK-3.7\bin\mcep\_mcep.c">
      <Filter>Source Files</Filter>
    </ClCompile>
    <ClCompile Include="..\..\SPTK-3.7\bin\mfcc\_mfcc.c">
      <Filter>Source Files</Filter>
    </ClCompile>
    <ClCompile Include="..\..\SPTK-3.7\bin\mgc2mgc\_mgc2mgc.c">
      <Filter>Source Files</Filter>
    </ClCompile>
    <ClCompile Include="..\..\SPTK-3.7\bin\mgc2sp\_mgc2sp.c">
      <Filter>Source Files</Filter>
    </ClCompile>
    <ClCompile Include="..\..\SPTK-3.7\bin\mgcep\_mgcep.c">
      <Filter>Source Files</Filter>
    </ClCompile>
    <ClCompile Include="..\..\SPTK-3.7\bin\mglsadf\_mglsadf.c">
      <Filter>Source Files</Filter>
    </ClCompile>
    <ClCompile Include="..\..\SPTK-3.7\bin\mlpg\_mlpg.c">
      <Filter>Source Files</Filter>
    </ClCompile>
    <ClCompile Include="..\..\SPTK-3.7\bin\mlsadf\_mlsadf.c">
      <Filter>Source Files</Filter>
    </ClCompile>
    <ClCompile Include="..\..\SPTK-3.7\bin\msvq\_msvq.c">
      <Filter>Source Files</Filter>
    </ClCompile>
    <ClCompile Include="..\..\SPTK-3.7\bin\norm0\_norm0.c">
      <Filter>Source Files</Filter>
    </ClCompile>
    <ClCompile Include="..\..\SPTK-3.7\bin\nrand\_nrand.c">
      <Filter>Source Files</Filter>
    </ClCompile>
    <ClCompile Include="..\..\SPTK-3.7\bin\par2lpc\_par2lpc.c">
      <Filter>Source Files</Filter>
    </ClCompile>
    <ClCompile Include="..\..\SPTK-3.7\bin\phase\_phase.c">
      <Filter>Source Files</Filter>
    </ClCompile>
    <ClCompile Include="..\..\SPTK-3.7\bin\poledf\_poledf.c">
      <Filter>Source Files</Filter>
    </ClCompile>
    <ClCompile Include="..\..\SPTK-3.7\bin\reverse\_reverse.c">
      <Filter>Source Files</Filter>
    </ClCompile>
    <ClCompile Include="..\..\SPTK-3.7\bin\rmse\_rmse.c">
      <Filter>Source Files</Filter>
    </ClCompile>
    <ClCompile Include="..\..\SPTK-3.7\bin\root_pol\_root_pol.c">
      <Filter>Source Files</Filter>
    </ClCompile>
    <ClCompile Include="..\..\SPTK-3.7\bin\smcep\_smcep.c">
      <Filter>Source Files</Filter>
    </ClCompile>
    <ClCompile Include="..\..\SPTK-3.7\bin\transpose\_transpose.c">
      <Filter>Source Files</Filter>
    </ClCompile>
    <ClCompile Include="..\..\SPTK-3.7\bin\uels\_uels.c">
      <Filter>Source Files</Filter>
    </ClCompile>
    <ClCompile Include="..\..\SPTK-3.7\bin\ulaw\_ulaw.c">
      <Filter>Source Files</Filter>
    </ClCompile>
    <ClCompile Include="..\..\SPTK-3.7\bin\vc\_vc.c">
      <Filter>Source Files</Filter>
    </ClCompile>
    <ClCompile Include="..\..\SPTK-3.7\bin\vq\_vq.c">
      <Filter>Source Files</Filter>
    </ClCompile>
    <ClCompile Include="..\..\SPTK-3.7\bin\window\_window.c">
      <Filter>Source Files</Filter>
    </ClCompile>
    <ClCompile Include="..\..\SPTK-3.7\bin\zcross\_zcross.c">
      <Filter>Source Files</Filter>
    </ClCompile>
    <ClCompile Include="..\..\SPTK-3.7\bin\zerodf\_zerodf.c">
      <Filter>Source Files</Filter>
    </ClCompile>
    <ClCompile Include="stdoutsetting.c">
      <Filter>Source Files</Filter>
    </ClCompile>
  </ItemGroup>
</Project>