
Microsoft Visual Studio Solution File, Format Version 12.00
# Visual Studio 2013
VisualStudioVersion = 12.0.30501.0
MinimumVisualStudioVersion = 10.0.40219.1
Project("{2150E333-8FDC-42A3-9474-1A3956D46DE8}") = "Htk", "Htk", "{8E3E99F8-0590-46EB-88F7-A14B14108678}"
EndProject
Project("{8BC9CEB8-8B4A-11D0-8D11-00A0C91BC942}") = "HtkLib", "HtkLib\HtkLib.vcxproj", "{5AEF53F8-E812-45CC-B9CC-729C23209529}"
EndProject
Project("{8BC9CEB8-8B4A-11D0-8D11-00A0C91BC942}") = "HlmLib", "HlmLib\HlmLib.vcxproj", "{1949C238-FE9B-4A1F-9D9A-C9D29E4B05EB}"
EndProject
Project("{2150E333-8FDC-42A3-9474-1A3956D46DE8}") = "Libs", "Libs", "{9B61964A-5346-40A7-83E9-1A322DAA5FBA}"
EndProject
Project("{2150E333-8FDC-42A3-9474-1A3956D46DE8}") = "Exes", "Exes", "{C8777F1D-1490-4D5D-BA8C-64B2FC61DC16}"
EndProject
Project("{8BC9CEB8-8B4A-11D0-8D11-00A0C91BC942}") = "HCompV", "HCompV\HCompV.vcxproj", "{A1B56244-BA4D-4068-BB7A-25D964C76F2A}"
	ProjectSection(ProjectDependencies) = postProject
		{5AEF53F8-E812-45CC-B9CC-729C23209529} = {5AEF53F8-E812-45CC-B9CC-729C23209529}
	EndProjectSection
EndProject
Project("{8BC9CEB8-8B4A-11D0-8D11-00A0C91BC942}") = "HList", "HList\HList.vcxproj", "{5DCCBB9F-649B-4443-BB7B-58D7BE02E6F5}"
	ProjectSection(ProjectDependencies) = postProject
		{5AEF53F8-E812-45CC-B9CC-729C23209529} = {5AEF53F8-E812-45CC-B9CC-729C23209529}
	EndProjectSection
EndProject
Project("{8BC9CEB8-8B4A-11D0-8D11-00A0C91BC942}") = "HInit", "HInit\HInit.vcxproj", "{93915696-D851-4A4F-94F5-AE26C9A6BE09}"
	ProjectSection(ProjectDependencies) = postProject
		{5AEF53F8-E812-45CC-B9CC-729C23209529} = {5AEF53F8-E812-45CC-B9CC-729C23209529}
	EndProjectSection
EndProject
Project("{8BC9CEB8-8B4A-11D0-8D11-00A0C91BC942}") = "HRest", "HRest\HRest.vcxproj", "{A60D9E5A-71DB-486A-A6FD-22327AD67679}"
	ProjectSection(ProjectDependencies) = postProject
		{5AEF53F8-E812-45CC-B9CC-729C23209529} = {5AEF53F8-E812-45CC-B9CC-729C23209529}
	EndProjectSection
EndProject
Project("{8BC9CEB8-8B4A-11D0-8D11-00A0C91BC942}") = "HERest", "HERest\HERest.vcxproj", "{26BD03DC-0A44-4A89-B090-E656AE941FBE}"
	ProjectSection(ProjectDependencies) = postProject
		{5AEF53F8-E812-45CC-B9CC-729C23209529} = {5AEF53F8-E812-45CC-B9CC-729C23209529}
	EndProjectSection
EndProject
Project("{8BC9CEB8-8B4A-11D0-8D11-00A0C91BC942}") = "HHEd", "HHEd\HHEd.vcxproj", "{3E81E151-9F46-4D08-91A3-FC6E843CA6CF}"
	ProjectSection(ProjectDependencies) = postProject
		{5AEF53F8-E812-45CC-B9CC-729C23209529} = {5AEF53F8-E812-45CC-B9CC-729C23209529}
	EndProjectSection
EndProject
Project("{8BC9CEB8-8B4A-11D0-8D11-00A0C91BC942}") = "HSMMAlign", "HSMMAlign\HSMMAlign.vcxproj", "{4936D157-AF9A-49E8-B0F0-37854DE36B4D}"
	ProjectSection(ProjectDependencies) = postProject
		{5AEF53F8-E812-45CC-B9CC-729C23209529} = {5AEF53F8-E812-45CC-B9CC-729C23209529}
	EndProjectSection
EndProject
Project("{8BC9CEB8-8B4A-11D0-8D11-00A0C91BC942}") = "HMGenS", "HMGenS\HMGenS.vcxproj", "{E66412E4-EE83-4A86-9DFE-48CDADEAF932}"
	ProjectSection(ProjectDependencies) = postProject
		{5AEF53F8-E812-45CC-B9CC-729C23209529} = {5AEF53F8-E812-45CC-B9CC-729C23209529}
	EndProjectSection
EndProject
Project("{2150E333-8FDC-42A3-9474-1A3956D46DE8}") = "SPTK", "SPTK", "{80AD3B89-EB31-4473-B941-8C782180CFA4}"
EndProject
Project("{8BC9CEB8-8B4A-11D0-8D11-00A0C91BC942}") = "SPTKLib", "SPTKLib\SPTKLib.vcxproj", "{DA0FF638-48BD-411B-B281-E96E7B3AA629}"
EndProject
Project("{2150E333-8FDC-42A3-9474-1A3956D46DE8}") = "Exes", "Exes", "{CC47A7FB-6BF3-4330-AC7C-5B22F8D0C93C}"
EndProject
Project("{8BC9CEB8-8B4A-11D0-8D11-00A0C91BC942}") = "x2x", "x2x\x2x.vcxproj", "{442596FC-2900-49F9-8EE6-187963A6A18A}"
	ProjectSection(ProjectDependencies) = postProject
		{DA0FF638-48BD-411B-B281-E96E7B3AA629} = {DA0FF638-48BD-411B-B281-E96E7B3AA629}
	EndProjectSection
EndProject
Project("{8BC9CEB8-8B4A-11D0-8D11-00A0C91BC942}") = "freqt", "freqt\freqt.vcxproj", "{77E17B8B-1B3E-4902-9AA9-7DF3AB60F7D1}"
	ProjectSection(ProjectDependencies) = postProject
		{DA0FF638-48BD-411B-B281-E96E7B3AA629} = {DA0FF638-48BD-411B-B281-E96E7B3AA629}
	EndProjectSection
EndProject
Project("{8BC9CEB8-8B4A-11D0-8D11-00A0C91BC942}") = "c2acr", "c2acr\c2acr.vcxproj", "{AD65DC14-EED4-4C96-BAA1-3BD2224EDD1F}"
	ProjectSection(ProjectDependencies) = postProject
		{DA0FF638-48BD-411B-B281-E96E7B3AA629} = {DA0FF638-48BD-411B-B281-E96E7B3AA629}
	EndProjectSection
EndProject
Project("{8BC9CEB8-8B4A-11D0-8D11-00A0C91BC942}") = "vopr", "vopr\vopr.vcxproj", "{037D106C-09C1-480C-BDFF-84F72EF9FE6A}"
	ProjectSection(ProjectDependencies) = postProject
		{DA0FF638-48BD-411B-B281-E96E7B3AA629} = {DA0FF638-48BD-411B-B281-E96E7B3AA629}
	EndProjectSection
EndProject
Project("{8BC9CEB8-8B4A-11D0-8D11-00A0C91BC942}") = "vsum", "vsum\vsum.vcxproj", "{CA315BED-2715-4FE3-87F4-3A63C021DD6F}"
	ProjectSection(ProjectDependencies) = postProject
		{DA0FF638-48BD-411B-B281-E96E7B3AA629} = {DA0FF638-48BD-411B-B281-E96E7B3AA629}
	EndProjectSection
EndProject
Project("{8BC9CEB8-8B4A-11D0-8D11-00A0C91BC942}") = "mc2b", "mc2b\mc2b.vcxproj", "{A855A2EC-B047-4307-B4BD-26F83ED42353}"
	ProjectSection(ProjectDependencies) = postProject
		{DA0FF638-48BD-411B-B281-E96E7B3AA629} = {DA0FF638-48BD-411B-B281-E96E7B3AA629}
	EndProjectSection
EndProject
Project("{8BC9CEB8-8B4A-11D0-8D11-00A0C91BC942}") = "sopr", "sopr\sopr.vcxproj", "{F40D3ED5-4FC8-48C1-9F87-945EA9A037C9}"
	ProjectSection(ProjectDependencies) = postProject
		{DA0FF638-48BD-411B-B281-E96E7B3AA629} = {DA0FF638-48BD-411B-B281-E96E7B3AA629}
	EndProjectSection
EndProject
Project("{8BC9CEB8-8B4A-11D0-8D11-00A0C91BC942}") = "b2mc", "b2mc\b2mc.vcxproj", "{46D6755A-19CB-432F-95A1-F01C576A6D73}"
	ProjectSection(ProjectDependencies) = postProject
		{DA0FF638-48BD-411B-B281-E96E7B3AA629} = {DA0FF638-48BD-411B-B281-E96E7B3AA629}
	EndProjectSection
EndProject
Project("{8BC9CEB8-8B4A-11D0-8D11-00A0C91BC942}") = "excite", "excite\excite.vcxproj", "{6EC97592-F6A2-4FA2-B89A-3715616F805D}"
	ProjectSection(ProjectDependencies) = postProject
		{DA0FF638-48BD-411B-B281-E96E7B3AA629} = {DA0FF638-48BD-411B-B281-E96E7B3AA629}
	EndProjectSection
EndProject
Project("{8BC9CEB8-8B4A-11D0-8D11-00A0C91BC942}") = "lsp2lpc", "lsp2lpc\lsp2lpc.vcxproj", "{5F9814EC-4C46-430D-A81A-89CFECE1D090}"
	ProjectSection(ProjectDependencies) = postProject
		{DA0FF638-48BD-411B-B281-E96E7B3AA629} = {DA0FF638-48BD-411B-B281-E96E7B3AA629}
	EndProjectSection
EndProject
Project("{8BC9CEB8-8B4A-11D0-8D11-00A0C91BC942}") = "mgc2mgc", "mgc2mgc\mgc2mgc.vcxproj", "{EE7A1ACC-E276-41C1-9970-05165624E41F}"
	ProjectSection(ProjectDependencies) = postProject
		{DA0FF638-48BD-411B-B281-E96E7B3AA629} = {DA0FF638-48BD-411B-B281-E96E7B3AA629}
	EndProjectSection
EndProject
Project("{8BC9CEB8-8B4A-11D0-8D11-00A0C91BC942}") = "mglsadf", "mglsadf\mglsadf.vcxproj", "{3A5A60CA-696A-44F3-8D20-D075FD855514}"
	ProjectSection(ProjectDependencies) = postProject
		{DA0FF638-48BD-411B-B281-E96E7B3AA629} = {DA0FF638-48BD-411B-B281-E96E7B3AA629}
	EndProjectSection
EndProject
Project("{8BC9CEB8-8B4A-11D0-8D11-00A0C91BC942}") = "merge", "merge\merge.vcxproj", "{045DDF88-59F3-4625-959B-614F56B82097}"
	ProjectSection(ProjectDependencies) = postProject
		{DA0FF638-48BD-411B-B281-E96E7B3AA629} = {DA0FF638-48BD-411B-B281-E96E7B3AA629}
	EndProjectSection
EndProject
Project("{8BC9CEB8-8B4A-11D0-8D11-00A0C91BC942}") = "bcp", "bcp\bcp.vcxproj", "{7514E5D4-2DF4-4955-A5E8-4C179F0E3ADF}"
	ProjectSection(ProjectDependencies) = postProject
		{DA0FF638-48BD-411B-B281-E96E7B3AA629} = {DA0FF638-48BD-411B-B281-E96E7B3AA629}
	EndProjectSection
EndProject
Project("{8BC9CEB8-8B4A-11D0-8D11-00A0C91BC942}") = "lspcheck", "lspcheck\lspcheck.vcxproj", "{2D31215F-3786-4C83-ADEC-EACE93CE47F0}"
	ProjectSection(ProjectDependencies) = postProject
		{DA0FF638-48BD-411B-B281-E96E7B3AA629} = {DA0FF638-48BD-411B-B281-E96E7B3AA629}
	EndProjectSection
EndProject
Project("{8BC9CEB8-8B4A-11D0-8D11-00A0C91BC942}") = "bcut", "bcut\bcut.vcxproj", "{C8BF797D-3670-41A2-8B5C-6F1C4A54D599}"
	ProjectSection(ProjectDependencies) = postProject
		{DA0FF638-48BD-411B-B281-E96E7B3AA629} = {DA0FF638-48BD-411B-B281-E96E7B3AA629}
	EndProjectSection
EndProject
Project("{8BC9CEB8-8B4A-11D0-8D11-00A0C91BC942}") = "vstat", "vstat\vstat.vcxproj", "{EF19266B-739D-4012-94E1-CB994E14326C}"
	ProjectSection(ProjectDependencies) = postProject
		{DA0FF638-48BD-411B-B281-E96E7B3AA629} = {DA0FF638-48BD-411B-B281-E96E7B3AA629}
	EndProjectSection
EndProject
Project("{8BC9CEB8-8B4A-11D0-8D11-00A0C91BC942}") = "nan", "nan\nan.vcxproj", "{D8DE0772-0FAC-4E05-9260-CF1251F78663}"
	ProjectSection(ProjectDependencies) = postProject
		{DA0FF638-48BD-411B-B281-E96E7B3AA629} = {DA0FF638-48BD-411B-B281-E96E7B3AA629}
	EndProjectSection
EndProject
Project("{8BC9CEB8-8B4A-11D0-8D11-00A0C91BC942}") = "dfs", "dfs\dfs.vcxproj", "{FFBFFD68-94B0-401A-ACDE-3C9785B447BC}"
	ProjectSection(ProjectDependencies) = postProject
		{DA0FF638-48BD-411B-B281-E96E7B3AA629} = {DA0FF638-48BD-411B-B281-E96E7B3AA629}
	EndProjectSection
EndProject
Project("{8BC9CEB8-8B4A-11D0-8D11-00A0C91BC942}") = "swab", "swab\swab.vcxproj", "{C534D440-E2AD-4450-A050-91D619E6FD71}"
	ProjectSection(ProjectDependencies) = postProject
		{DA0FF638-48BD-411B-B281-E96E7B3AA629} = {DA0FF638-48BD-411B-B281-E96E7B3AA629}
	EndProjectSection
EndProject
Project("{8BC9CEB8-8B4A-11D0-8D11-00A0C91BC942}") = "raw2wav", "raw2wav\raw2wav.vcxproj", "{E2B973EB-87EC-4596-82E2-50A77071B91F}"
	ProjectSection(ProjectDependencies) = postProject
		{DA0FF638-48BD-411B-B281-E96E7B3AA629} = {DA0FF638-48BD-411B-B281-E96E7B3AA629}
	EndProjectSection
EndProject
Project("{2150E333-8FDC-42A3-9474-1A3956D46DE8}") = "Runtime", "Runtime", "{6B264506-E3B9-4EC0-926B-1F0ECA98848E}"
EndProject
Project("{8BC9CEB8-8B4A-11D0-8D11-00A0C91BC942}") = "flite_hts_engine", "..\..\runtime\flite_hts_engine\flite_hts_engine\flite_hts_engine.vcxproj", "{5FDF346A-F5E0-4705-9110-105DAC4B143A}"
EndProject
Project("{8BC9CEB8-8B4A-11D0-8D11-00A0C91BC942}") = "hts_engine", "..\..\runtime\flite_hts_engine\hts_engine\hts_engine.vcxproj", "{A18017A3-AF01-4BCA-A9CC-5E247B98C42D}"
EndProject
Project("{8BC9CEB8-8B4A-11D0-8D11-00A0C91BC942}") = "mcep", "mcep\mcep.vcxproj", "{A8FA66F1-9B9A-4B77-818C-53B203CC59FE}"
	ProjectSection(ProjectDependencies) = postProject
		{DA0FF638-48BD-411B-B281-E96E7B3AA629} = {DA0FF638-48BD-411B-B281-E96E7B3AA629}
	EndProjectSection
EndProject
Project("{8BC9CEB8-8B4A-11D0-8D11-00A0C91BC942}") = "lpc2lsp", "lpc2lsp\lpc2lsp.vcxproj", "{02BAA661-E5C3-49B5-B184-60B679D34757}"
EndProject
Project("{8BC9CEB8-8B4A-11D0-8D11-00A0C91BC942}") = "minmax", "minmax\minmax.vcxproj", "{A43DA0BF-C17C-42EF-8C8D-B1672825DC59}"
EndProject
Project("{8BC9CEB8-8B4A-11D0-8D11-00A0C91BC942}") = "pitch", "pitch\pitch.vcxproj", "{01A7FAAB-A6D3-4949-920B-0980A51930B8}"
EndProject
Project("{8BC9CEB8-8B4A-11D0-8D11-00A0C91BC942}") = "frame", "frame\frame.vcxproj", "{B62D248F-AEA4-4659-9328-FE1C7AEA8443}"
EndProject
Project("{8BC9CEB8-8B4A-11D0-8D11-00A0C91BC942}") = "window", "window\window.vcxproj", "{02B1F396-75E2-4336-A85B-748A5F8A4906}"
EndProject
Project("{2150E333-8FDC-42A3-9474-1A3956D46DE8}") = "Festival", "Festival", "{8030299A-5102-4616-A61D-0717E7A1B7DF}"
EndProject
Project("{2150E333-8FDC-42A3-9474-1A3956D46DE8}") = "Libs", "Libs", "{DC76F1F7-CE94-40F8-985E-32CF0E987D36}"
EndProject
Project("{8BC9CEB8-8B4A-11D0-8D11-00A0C91BC942}") = "speechtools", "speechtools\speechtools.vcxproj", "{4C4E5BEA-E2D2-4A5D-A908-1F3B8D5F160A}"
EndProject
Project("{2150E333-8FDC-42A3-9474-1A3956D46DE8}") = "Exes", "Exes", "{6CE35384-D0B5-46A3-A6E3-01A0AB0C4A73}"
EndProject
Project("{8BC9CEB8-8B4A-11D0-8D11-00A0C91BC942}") = "wagon_main", "wagon_main\wagon_main.vcxproj", "{DA549EAF-35D2-4F46-9E0B-F22A1855D836}"
	ProjectSection(ProjectDependencies) = postProject
		{4C4E5BEA-E2D2-4A5D-A908-1F3B8D5F160A} = {4C4E5BEA-E2D2-4A5D-A908-1F3B8D5F160A}
	EndProjectSection
EndProject
Project("{8BC9CEB8-8B4A-11D0-8D11-00A0C91BC942}") = "siod_main", "siod_main\siod_main.vcxproj", "{56F51F94-B543-4CBF-B666-B42E2E71F662}"
	ProjectSection(ProjectDependencies) = postProject
		{4C4E5BEA-E2D2-4A5D-A908-1F3B8D5F160A} = {4C4E5BEA-E2D2-4A5D-A908-1F3B8D5F160A}
	EndProjectSection
EndProject
Project("{8BC9CEB8-8B4A-11D0-8D11-00A0C91BC942}") = "festival", "festival\festival.vcxproj", "{FE85556E-87E8-4289-BA6A-DC20B54363E7}"
	ProjectSection(ProjectDependencies) = postProject
		{4C4E5BEA-E2D2-4A5D-A908-1F3B8D5F160A} = {4C4E5BEA-E2D2-4A5D-A908-1F3B8D5F160A}
	EndProjectSection
EndProject
Global
	GlobalSection(SolutionConfigurationPlatforms) = preSolution
		Debug|Win32 = Debug|Win32
		Release|Win32 = Release|Win32
	EndGlobalSection
	GlobalSection(ProjectConfigurationPlatforms) = postSolution
		{5AEF53F8-E812-45CC-B9CC-729C23209529}.Debug|Win32.ActiveCfg = Debug|Win32
		{5AEF53F8-E812-45CC-B9CC-729C23209529}.Debug|Win32.Build.0 = Debug|Win32
		{5AEF53F8-E812-45CC-B9CC-729C23209529}.Release|Win32.ActiveCfg = Release|Win32
		{5AEF53F8-E812-45CC-B9CC-729C23209529}.Release|Win32.Build.0 = Release|Win32
		{1949C238-FE9B-4A1F-9D9A-C9D29E4B05EB}.Debug|Win32.ActiveCfg = Debug|Win32
		{1949C238-FE9B-4A1F-9D9A-C9D29E4B05EB}.Debug|Win32.Build.0 = Debug|Win32
		{1949C238-FE9B-4A1F-9D9A-C9D29E4B05EB}.Release|Win32.ActiveCfg = Release|Win32
		{1949C238-FE9B-4A1F-9D9A-C9D29E4B05EB}.Release|Win32.Build.0 = Release|Win32
		{A1B56244-BA4D-4068-BB7A-25D964C76F2A}.Debug|Win32.ActiveCfg = Debug|Win32
		{A1B56244-BA4D-4068-BB7A-25D964C76F2A}.Debug|Win32.Build.0 = Debug|Win32
		{A1B56244-BA4D-4068-BB7A-25D964C76F2A}.Release|Win32.ActiveCfg = Release|Win32
		{A1B56244-BA4D-4068-BB7A-25D964C76F2A}.Release|Win32.Build.0 = Release|Win32
		{5DCCBB9F-649B-4443-BB7B-58D7BE02E6F5}.Debug|Win32.ActiveCfg = Debug|Win32
		{5DCCBB9F-649B-4443-BB7B-58D7BE02E6F5}.Debug|Win32.Build.0 = Debug|Win32
		{5DCCBB9F-649B-4443-BB7B-58D7BE02E6F5}.Release|Win32.ActiveCfg = Release|Win32
		{5DCCBB9F-649B-4443-BB7B-58D7BE02E6F5}.Release|Win32.Build.0 = Release|Win32
		{93915696-D851-4A4F-94F5-AE26C9A6BE09}.Debug|Win32.ActiveCfg = Debug|Win32
		{93915696-D851-4A4F-94F5-AE26C9A6BE09}.Debug|Win32.Build.0 = Debug|Win32
		{93915696-D851-4A4F-94F5-AE26C9A6BE09}.Release|Win32.ActiveCfg = Release|Win32
		{93915696-D851-4A4F-94F5-AE26C9A6BE09}.Release|Win32.Build.0 = Release|Win32
		{A60D9E5A-71DB-486A-A6FD-22327AD67679}.Debug|Win32.ActiveCfg = Debug|Win32
		{A60D9E5A-71DB-486A-A6FD-22327AD67679}.Debug|Win32.Build.0 = Debug|Win32
		{A60D9E5A-71DB-486A-A6FD-22327AD67679}.Release|Win32.ActiveCfg = Release|Win32
		{A60D9E5A-71DB-486A-A6FD-22327AD67679}.Release|Win32.Build.0 = Release|Win32
		{26BD03DC-0A44-4A89-B090-E656AE941FBE}.Debug|Win32.ActiveCfg = Debug|Win32
		{26BD03DC-0A44-4A89-B090-E656AE941FBE}.Debug|Win32.Build.0 = Debug|Win32
		{26BD03DC-0A44-4A89-B090-E656AE941FBE}.Release|Win32.ActiveCfg = Release|Win32
		{26BD03DC-0A44-4A89-B090-E656AE941FBE}.Release|Win32.Build.0 = Release|Win32
		{3E81E151-9F46-4D08-91A3-FC6E843CA6CF}.Debug|Win32.ActiveCfg = Debug|Win32
		{3E81E151-9F46-4D08-91A3-FC6E843CA6CF}.Debug|Win32.Build.0 = Debug|Win32
		{3E81E151-9F46-4D08-91A3-FC6E843CA6CF}.Release|Win32.ActiveCfg = Release|Win32
		{3E81E151-9F46-4D08-91A3-FC6E843CA6CF}.Release|Win32.Build.0 = Release|Win32
		{4936D157-AF9A-49E8-B0F0-37854DE36B4D}.Debug|Win32.ActiveCfg = Debug|Win32
		{4936D157-AF9A-49E8-B0F0-37854DE36B4D}.Debug|Win32.Build.0 = Debug|Win32
		{4936D157-AF9A-49E8-B0F0-37854DE36B4D}.Release|Win32.ActiveCfg = Release|Win32
		{4936D157-AF9A-49E8-B0F0-37854DE36B4D}.Release|Win32.Build.0 = Release|Win32
		{E66412E4-EE83-4A86-9DFE-48CDADEAF932}.Debug|Win32.ActiveCfg = Debug|Win32
		{E66412E4-EE83-4A86-9DFE-48CDADEAF932}.Debug|Win32.Build.0 = Debug|Win32
		{E66412E4-EE83-4A86-9DFE-48CDADEAF932}.Release|Win32.ActiveCfg = Release|Win32
		{E66412E4-EE83-4A86-9DFE-48CDADEAF932}.Release|Win32.Build.0 = Release|Win32
		{DA0FF638-48BD-411B-B281-E96E7B3AA629}.Debug|Win32.ActiveCfg = Debug|Win32
		{DA0FF638-48BD-411B-B281-E96E7B3AA629}.Debug|Win32.Build.0 = Debug|Win32
		{DA0FF638-48BD-411B-B281-E96E7B3AA629}.Release|Win32.ActiveCfg = Release|Win32
		{DA0FF638-48BD-411B-B281-E96E7B3AA629}.Release|Win32.Build.0 = Release|Win32
		{442596FC-2900-49F9-8EE6-187963A6A18A}.Debug|Win32.ActiveCfg = Debug|Win32
		{442596FC-2900-49F9-8EE6-187963A6A18A}.Debug|Win32.Build.0 = Debug|Win32
		{442596FC-2900-49F9-8EE6-187963A6A18A}.Release|Win32.ActiveCfg = Release|Win32
		{442596FC-2900-49F9-8EE6-187963A6A18A}.Release|Win32.Build.0 = Release|Win32
		{77E17B8B-1B3E-4902-9AA9-7DF3AB60F7D1}.Debug|Win32.ActiveCfg = Debug|Win32
		{77E17B8B-1B3E-4902-9AA9-7DF3AB60F7D1}.Debug|Win32.Build.0 = Debug|Win32
		{77E17B8B-1B3E-4902-9AA9-7DF3AB60F7D1}.Release|Win32.ActiveCfg = Release|Win32
		{77E17B8B-1B3E-4902-9AA9-7DF3AB60F7D1}.Release|Win32.Build.0 = Release|Win32
		{AD65DC14-EED4-4C96-BAA1-3BD2224EDD1F}.Debug|Win32.ActiveCfg = Debug|Win32
		{AD65DC14-EED4-4C96-BAA1-3BD2224EDD1F}.Debug|Win32.Build.0 = Debug|Win32
		{AD65DC14-EED4-4C96-BAA1-3BD2224EDD1F}.Release|Win32.ActiveCfg = Release|Win32
		{AD65DC14-EED4-4C96-BAA1-3BD2224EDD1F}.Release|Win32.Build.0 = Release|Win32
		{037D106C-09C1-480C-BDFF-84F72EF9FE6A}.Debug|Win32.ActiveCfg = Debug|Win32
		{037D106C-09C1-480C-BDFF-84F72EF9FE6A}.Debug|Win32.Build.0 = Debug|Win32
		{037D106C-09C1-480C-BDFF-84F72EF9FE6A}.Release|Win32.ActiveCfg = Release|Win32
		{037D106C-09C1-480C-BDFF-84F72EF9FE6A}.Release|Win32.Build.0 = Release|Win32
		{CA315BED-2715-4FE3-87F4-3A63C021DD6F}.Debug|Win32.ActiveCfg = Debug|Win32
		{CA315BED-2715-4FE3-87F4-3A63C021DD6F}.Debug|Win32.Build.0 = Debug|Win32
		{CA315BED-2715-4FE3-87F4-3A63C021DD6F}.Release|Win32.ActiveCfg = Release|Win32
		{CA315BED-2715-4FE3-87F4-3A63C021DD6F}.Release|Win32.Build.0 = Release|Win32
		{A855A2EC-B047-4307-B4BD-26F83ED42353}.Debug|Win32.ActiveCfg = Debug|Win32
		{A855A2EC-B047-4307-B4BD-26F83ED42353}.Debug|Win32.Build.0 = Debug|Win32
		{A855A2EC-B047-4307-B4BD-26F83ED42353}.Release|Win32.ActiveCfg = Release|Win32
		{A855A2EC-B047-4307-B4BD-26F83ED42353}.Release|Win32.Build.0 = Release|Win32
		{F40D3ED5-4FC8-48C1-9F87-945EA9A037C9}.Debug|Win32.ActiveCfg = Debug|Win32
		{F40D3ED5-4FC8-48C1-9F87-945EA9A037C9}.Debug|Win32.Build.0 = Debug|Win32
		{F40D3ED5-4FC8-48C1-9F87-945EA9A037C9}.Release|Win32.ActiveCfg = Release|Win32
		{F40D3ED5-4FC8-48C1-9F87-945EA9A037C9}.Release|Win32.Build.0 = Release|Win32
		{46D6755A-19CB-432F-95A1-F01C576A6D73}.Debug|Win32.ActiveCfg = Debug|Win32
		{46D6755A-19CB-432F-95A1-F01C576A6D73}.Debug|Win32.Build.0 = Debug|Win32
		{46D6755A-19CB-432F-95A1-F01C576A6D73}.Release|Win32.ActiveCfg = Release|Win32
		{46D6755A-19CB-432F-95A1-F01C576A6D73}.Release|Win32.Build.0 = Release|Win32
		{6EC97592-F6A2-4FA2-B89A-3715616F805D}.Debug|Win32.ActiveCfg = Debug|Win32
		{6EC97592-F6A2-4FA2-B89A-3715616F805D}.Debug|Win32.Build.0 = Debug|Win32
		{6EC97592-F6A2-4FA2-B89A-3715616F805D}.Release|Win32.ActiveCfg = Release|Win32
		{6EC97592-F6A2-4FA2-B89A-3715616F805D}.Release|Win32.Build.0 = Release|Win32
		{5F9814EC-4C46-430D-A81A-89CFECE1D090}.Debug|Win32.ActiveCfg = Debug|Win32
		{5F9814EC-4C46-430D-A81A-89CFECE1D090}.Debug|Win32.Build.0 = Debug|Win32
		{5F9814EC-4C46-430D-A81A-89CFECE1D090}.Release|Win32.ActiveCfg = Release|Win32
		{5F9814EC-4C46-430D-A81A-89CFECE1D090}.Release|Win32.Build.0 = Release|Win32
		{EE7A1ACC-E276-41C1-9970-05165624E41F}.Debug|Win32.ActiveCfg = Debug|Win32
		{EE7A1ACC-E276-41C1-9970-05165624E41F}.Debug|Win32.Build.0 = Debug|Win32
		{EE7A1ACC-E276-41C1-9970-05165624E41F}.Release|Win32.ActiveCfg = Release|Win32
		{EE7A1ACC-E276-41C1-9970-05165624E41F}.Release|Win32.Build.0 = Release|Win32
		{3A5A60CA-696A-44F3-8D20-D075FD855514}.Debug|Win32.ActiveCfg = Debug|Win32
		{3A5A60CA-696A-44F3-8D20-D075FD855514}.Debug|Win32.Build.0 = Debug|Win32
		{3A5A60CA-696A-44F3-8D20-D075FD855514}.Release|Win32.ActiveCfg = Release|Win32
		{3A5A60CA-696A-44F3-8D20-D075FD855514}.Release|Win32.Build.0 = Release|Win32
		{045DDF88-59F3-4625-959B-614F56B82097}.Debug|Win32.ActiveCfg = Debug|Win32
		{045DDF88-59F3-4625-959B-614F56B82097}.Debug|Win32.Build.0 = Debug|Win32
		{045DDF88-59F3-4625-959B-614F56B82097}.Release|Win32.ActiveCfg = Release|Win32
		{045DDF88-59F3-4625-959B-614F56B82097}.Release|Win32.Build.0 = Release|Win32
		{7514E5D4-2DF4-4955-A5E8-4C179F0E3ADF}.Debug|Win32.ActiveCfg = Debug|Win32
		{7514E5D4-2DF4-4955-A5E8-4C179F0E3ADF}.Debug|Win32.Build.0 = Debug|Win32
		{7514E5D4-2DF4-4955-A5E8-4C179F0E3ADF}.Release|Win32.ActiveCfg = Release|Win32
		{7514E5D4-2DF4-4955-A5E8-4C179F0E3ADF}.Release|Win32.Build.0 = Release|Win32
		{2D31215F-3786-4C83-ADEC-EACE93CE47F0}.Debug|Win32.ActiveCfg = Debug|Win32
		{2D31215F-3786-4C83-ADEC-EACE93CE47F0}.Debug|Win32.Build.0 = Debug|Win32
		{2D31215F-3786-4C83-ADEC-EACE93CE47F0}.Release|Win32.ActiveCfg = Release|Win32
		{2D31215F-3786-4C83-ADEC-EACE93CE47F0}.Release|Win32.Build.0 = Release|Win32
		{C8BF797D-3670-41A2-8B5C-6F1C4A54D599}.Debug|Win32.ActiveCfg = Debug|Win32
		{C8BF797D-3670-41A2-8B5C-6F1C4A54D599}.Debug|Win32.Build.0 = Debug|Win32
		{C8BF797D-3670-41A2-8B5C-6F1C4A54D599}.Release|Win32.ActiveCfg = Release|Win32
		{C8BF797D-3670-41A2-8B5C-6F1C4A54D599}.Release|Win32.Build.0 = Release|Win32
		{EF19266B-739D-4012-94E1-CB994E14326C}.Debug|Win32.ActiveCfg = Debug|Win32
		{EF19266B-739D-4012-94E1-CB994E14326C}.Debug|Win32.Build.0 = Debug|Win32
		{EF19266B-739D-4012-94E1-CB994E14326C}.Release|Win32.ActiveCfg = Release|Win32
		{EF19266B-739D-4012-94E1-CB994E14326C}.Release|Win32.Build.0 = Release|Win32
		{D8DE0772-0FAC-4E05-9260-CF1251F78663}.Debug|Win32.ActiveCfg = Debug|Win32
		{D8DE0772-0FAC-4E05-9260-CF1251F78663}.Debug|Win32.Build.0 = Debug|Win32
		{D8DE0772-0FAC-4E05-9260-CF1251F78663}.Release|Win32.ActiveCfg = Release|Win32
		{D8DE0772-0FAC-4E05-9260-CF1251F78663}.Release|Win32.Build.0 = Release|Win32
		{FFBFFD68-94B0-401A-ACDE-3C9785B447BC}.Debug|Win32.ActiveCfg = Debug|Win32
		{FFBFFD68-94B0-401A-ACDE-3C9785B447BC}.Debug|Win32.Build.0 = Debug|Win32
		{FFBFFD68-94B0-401A-ACDE-3C9785B447BC}.Release|Win32.ActiveCfg = Release|Win32
		{FFBFFD68-94B0-401A-ACDE-3C9785B447BC}.Release|Win32.Build.0 = Release|Win32
		{C534D440-E2AD-4450-A050-91D619E6FD71}.Debug|Win32.ActiveCfg = Debug|Win32
		{C534D440-E2AD-4450-A050-91D619E6FD71}.Debug|Win32.Build.0 = Debug|Win32
		{C534D440-E2AD-4450-A050-91D619E6FD71}.Release|Win32.ActiveCfg = Release|Win32
		{C534D440-E2AD-4450-A050-91D619E6FD71}.Release|Win32.Build.0 = Release|Win32
		{E2B973EB-87EC-4596-82E2-50A77071B91F}.Debug|Win32.ActiveCfg = Debug|Win32
		{E2B973EB-87EC-4596-82E2-50A77071B91F}.Debug|Win32.Build.0 = Debug|Win32
		{E2B973EB-87EC-4596-82E2-50A77071B91F}.Release|Win32.ActiveCfg = Release|Win32
		{E2B973EB-87EC-4596-82E2-50A77071B91F}.Release|Win32.Build.0 = Release|Win32
		{5FDF346A-F5E0-4705-9110-105DAC4B143A}.Debug|Win32.ActiveCfg = Debug|Win32
		{5FDF346A-F5E0-4705-9110-105DAC4B143A}.Debug|Win32.Build.0 = Debug|Win32
		{5FDF346A-F5E0-4705-9110-105DAC4B143A}.Release|Win32.ActiveCfg = Release|Win32
		{5FDF346A-F5E0-4705-9110-105DAC4B143A}.Release|Win32.Build.0 = Release|Win32
		{A18017A3-AF01-4BCA-A9CC-5E247B98C42D}.Debug|Win32.ActiveCfg = Debug|Win32
		{A18017A3-AF01-4BCA-A9CC-5E247B98C42D}.Debug|Win32.Build.0 = Debug|Win32
		{A18017A3-AF01-4BCA-A9CC-5E247B98C42D}.Release|Win32.ActiveCfg = Release|Win32
		{A18017A3-AF01-4BCA-A9CC-5E247B98C42D}.Release|Win32.Build.0 = Release|Win32
		{A8FA66F1-9B9A-4B77-818C-53B203CC59FE}.Debug|Win32.ActiveCfg = Debug|Win32
		{A8FA66F1-9B9A-4B77-818C-53B203CC59FE}.Debug|Win32.Build.0 = Debug|Win32
		{A8FA66F1-9B9A-4B77-818C-53B203CC59FE}.Release|Win32.ActiveCfg = Release|Win32
		{A8FA66F1-9B9A-4B77-818C-53B203CC59FE}.Release|Win32.Build.0 = Release|Win32
		{02BAA661-E5C3-49B5-B184-60B679D34757}.Debug|Win32.ActiveCfg = Debug|Win32
		{02BAA661-E5C3-49B5-B184-60B679D34757}.Debug|Win32.Build.0 = Debug|Win32
		{02BAA661-E5C3-49B5-B184-60B679D34757}.Release|Win32.ActiveCfg = Release|Win32
		{02BAA661-E5C3-49B5-B184-60B679D34757}.Release|Win32.Build.0 = Release|Win32
		{A43DA0BF-C17C-42EF-8C8D-B1672825DC59}.Debug|Win32.ActiveCfg = Debug|Win32
		{A43DA0BF-C17C-42EF-8C8D-B1672825DC59}.Debug|Win32.Build.0 = Debug|Win32
		{A43DA0BF-C17C-42EF-8C8D-B1672825DC59}.Release|Win32.ActiveCfg = Release|Win32
		{A43DA0BF-C17C-42EF-8C8D-B1672825DC59}.Release|Win32.Build.0 = Release|Win32
		{01A7FAAB-A6D3-4949-920B-0980A51930B8}.Debug|Win32.ActiveCfg = Debug|Win32
		{01A7FAAB-A6D3-4949-920B-0980A51930B8}.Debug|Win32.Build.0 = Debug|Win32
		{01A7FAAB-A6D3-4949-920B-0980A51930B8}.Release|Win32.ActiveCfg = Release|Win32
		{01A7FAAB-A6D3-4949-920B-0980A51930B8}.Release|Win32.Build.0 = Release|Win32
		{B62D248F-AEA4-4659-9328-FE1C7AEA8443}.Debug|Win32.ActiveCfg = Debug|Win32
		{B62D248F-AEA4-4659-9328-FE1C7AEA8443}.Debug|Win32.Build.0 = Debug|Win32
		{B62D248F-AEA4-4659-9328-FE1C7AEA8443}.Release|Win32.ActiveCfg = Release|Win32
		{B62D248F-AEA4-4659-9328-FE1C7AEA8443}.Release|Win32.Build.0 = Release|Win32
		{02B1F396-75E2-4336-A85B-748A5F8A4906}.Debug|Win32.ActiveCfg = Debug|Win32
		{02B1F396-75E2-4336-A85B-748A5F8A4906}.Debug|Win32.Build.0 = Debug|Win32
		{02B1F396-75E2-4336-A85B-748A5F8A4906}.Release|Win32.ActiveCfg = Release|Win32
		{02B1F396-75E2-4336-A85B-748A5F8A4906}.Release|Win32.Build.0 = Release|Win32
		{4C4E5BEA-E2D2-4A5D-A908-1F3B8D5F160A}.Debug|Win32.ActiveCfg = Debug|Win32
		{4C4E5BEA-E2D2-4A5D-A908-1F3B8D5F160A}.Debug|Win32.Build.0 = Debug|Win32
		{4C4E5BEA-E2D2-4A5D-A908-1F3B8D5F160A}.Release|Win32.ActiveCfg = Release|Win32
		{4C4E5BEA-E2D2-4A5D-A908-1F3B8D5F160A}.Release|Win32.Build.0 = Release|Win32
		{DA549EAF-35D2-4F46-9E0B-F22A1855D836}.Debug|Win32.ActiveCfg = Debug|Win32
		{DA549EAF-35D2-4F46-9E0B-F22A1855D836}.Debug|Win32.Build.0 = Debug|Win32
		{DA549EAF-35D2-4F46-9E0B-F22A1855D836}.Release|Win32.ActiveCfg = Release|Win32
		{DA549EAF-35D2-4F46-9E0B-F22A1855D836}.Release|Win32.Build.0 = Release|Win32
		{56F51F94-B543-4CBF-B666-B42E2E71F662}.Debug|Win32.ActiveCfg = Debug|Win32
		{56F51F94-B543-4CBF-B666-B42E2E71F662}.Debug|Win32.Build.0 = Debug|Win32
		{56F51F94-B543-4CBF-B666-B42E2E71F662}.Release|Win32.ActiveCfg = Release|Win32
		{56F51F94-B543-4CBF-B666-B42E2E71F662}.Release|Win32.Build.0 = Release|Win32
		{FE85556E-87E8-4289-BA6A-DC20B54363E7}.Debug|Win32.ActiveCfg = Debug|Win32
		{FE85556E-87E8-4289-BA6A-DC20B54363E7}.Debug|Win32.Build.0 = Debug|Win32
		{FE85556E-87E8-4289-BA6A-DC20B54363E7}.Release|Win32.ActiveCfg = Release|Win32
		{FE85556E-87E8-4289-BA6A-DC20B54363E7}.Release|Win32.Build.0 = Release|Win32
	EndGlobalSection
	GlobalSection(SolutionProperties) = preSolution
		HideSolutionNode = FALSE
	EndGlobalSection
	GlobalSection(NestedProjects) = preSolution
		{5AEF53F8-E812-45CC-B9CC-729C23209529} = {9B61964A-5346-40A7-83E9-1A322DAA5FBA}
		{1949C238-FE9B-4A1F-9D9A-C9D29E4B05EB} = {9B61964A-5346-40A7-83E9-1A322DAA5FBA}
		{9B61964A-5346-40A7-83E9-1A322DAA5FBA} = {8E3E99F8-0590-46EB-88F7-A14B14108678}
		{C8777F1D-1490-4D5D-BA8C-64B2FC61DC16} = {8E3E99F8-0590-46EB-88F7-A14B14108678}
		{A1B56244-BA4D-4068-BB7A-25D964C76F2A} = {C8777F1D-1490-4D5D-BA8C-64B2FC61DC16}
		{5DCCBB9F-649B-4443-BB7B-58D7BE02E6F5} = {C8777F1D-1490-4D5D-BA8C-64B2FC61DC16}
		{93915696-D851-4A4F-94F5-AE26C9A6BE09} = {C8777F1D-1490-4D5D-BA8C-64B2FC61DC16}
		{A60D9E5A-71DB-486A-A6FD-22327AD67679} = {C8777F1D-1490-4D5D-BA8C-64B2FC61DC16}
		{26BD03DC-0A44-4A89-B090-E656AE941FBE} = {C8777F1D-1490-4D5D-BA8C-64B2FC61DC16}
		{3E81E151-9F46-4D08-91A3-FC6E843CA6CF} = {C8777F1D-1490-4D5D-BA8C-64B2FC61DC16}
		{4936D157-AF9A-49E8-B0F0-37854DE36B4D} = {C8777F1D-1490-4D5D-BA8C-64B2FC61DC16}
		{E66412E4-EE83-4A86-9DFE-48CDADEAF932} = {C8777F1D-1490-4D5D-BA8C-64B2FC61DC16}
		{DA0FF638-48BD-411B-B281-E96E7B3AA629} = {80AD3B89-EB31-4473-B941-8C782180CFA4}
		{CC47A7FB-6BF3-4330-AC7C-5B22F8D0C93C} = {80AD3B89-EB31-4473-B941-8C782180CFA4}
		{442596FC-2900-49F9-8EE6-187963A6A18A} = {CC47A7FB-6BF3-4330-AC7C-5B22F8D0C93C}
		{77E17B8B-1B3E-4902-9AA9-7DF3AB60F7D1} = {CC47A7FB-6BF3-4330-AC7C-5B22F8D0C93C}
		{AD65DC14-EED4-4C96-BAA1-3BD2224EDD1F} = {CC47A7FB-6BF3-4330-AC7C-5B22F8D0C93C}
		{037D106C-09C1-480C-BDFF-84F72EF9FE6A} = {CC47A7FB-6BF3-4330-AC7C-5B22F8D0C93C}
		{CA315BED-2715-4FE3-87F4-3A63C021DD6F} = {CC47A7FB-6BF3-4330-AC7C-5B22F8D0C93C}
		{A855A2EC-B047-4307-B4BD-26F83ED42353} = {CC47A7FB-6BF3-4330-AC7C-5B22F8D0C93C}
		{F40D3ED5-4FC8-48C1-9F87-945EA9A037C9} = {CC47A7FB-6BF3-4330-AC7C-5B22F8D0C93C}
		{46D6755A-19CB-432F-95A1-F01C576A6D73} = {CC47A7FB-6BF3-4330-AC7C-5B22F8D0C93C}
		{6EC97592-F6A2-4FA2-B89A-3715616F805D} = {CC47A7FB-6BF3-4330-AC7C-5B22F8D0C93C}
		{5F9814EC-4C46-430D-A81A-89CFECE1D090} = {CC47A7FB-6BF3-4330-AC7C-5B22F8D0C93C}
		{EE7A1ACC-E276-41C1-9970-05165624E41F} = {CC47A7FB-6BF3-4330-AC7C-5B22F8D0C93C}
		{3A5A60CA-696A-44F3-8D20-D075FD855514} = {CC47A7FB-6BF3-4330-AC7C-5B22F8D0C93C}
		{045DDF88-59F3-4625-959B-614F56B82097} = {CC47A7FB-6BF3-4330-AC7C-5B22F8D0C93C}
		{7514E5D4-2DF4-4955-A5E8-4C179F0E3ADF} = {CC47A7FB-6BF3-4330-AC7C-5B22F8D0C93C}
		{2D31215F-3786-4C83-ADEC-EACE93CE47F0} = {CC47A7FB-6BF3-4330-AC7C-5B22F8D0C93C}
		{C8BF797D-3670-41A2-8B5C-6F1C4A54D599} = {CC47A7FB-6BF3-4330-AC7C-5B22F8D0C93C}
		{EF19266B-739D-4012-94E1-CB994E14326C} = {CC47A7FB-6BF3-4330-AC7C-5B22F8D0C93C}
		{D8DE0772-0FAC-4E05-9260-CF1251F78663} = {CC47A7FB-6BF3-4330-AC7C-5B22F8D0C93C}
		{FFBFFD68-94B0-401A-ACDE-3C9785B447BC} = {CC47A7FB-6BF3-4330-AC7C-5B22F8D0C93C}
		{C534D440-E2AD-4450-A050-91D619E6FD71} = {CC47A7FB-6BF3-4330-AC7C-5B22F8D0C93C}
		{E2B973EB-87EC-4596-82E2-50A77071B91F} = {CC47A7FB-6BF3-4330-AC7C-5B22F8D0C93C}
		{5FDF346A-F5E0-4705-9110-105DAC4B143A} = {6B264506-E3B9-4EC0-926B-1F0ECA98848E}
		{A18017A3-AF01-4BCA-A9CC-5E247B98C42D} = {6B264506-E3B9-4EC0-926B-1F0ECA98848E}
		{A8FA66F1-9B9A-4B77-818C-53B203CC59FE} = {CC47A7FB-6BF3-4330-AC7C-5B22F8D0C93C}
		{02BAA661-E5C3-49B5-B184-60B679D34757} = {CC47A7FB-6BF3-4330-AC7C-5B22F8D0C93C}
		{A43DA0BF-C17C-42EF-8C8D-B1672825DC59} = {CC47A7FB-6BF3-4330-AC7C-5B22F8D0C93C}
		{01A7FAAB-A6D3-4949-920B-0980A51930B8} = {CC47A7FB-6BF3-4330-AC7C-5B22F8D0C93C}
		{B62D248F-AEA4-4659-9328-FE1C7AEA8443} = {CC47A7FB-6BF3-4330-AC7C-5B22F8D0C93C}
		{02B1F396-75E2-4336-A85B-748A5F8A4906} = {CC47A7FB-6BF3-4330-AC7C-5B22F8D0C93C}
		{DC76F1F7-CE94-40F8-985E-32CF0E987D36} = {8030299A-5102-4616-A61D-0717E7A1B7DF}
		{4C4E5BEA-E2D2-4A5D-A908-1F3B8D5F160A} = {DC76F1F7-CE94-40F8-985E-32CF0E987D36}
		{6CE35384-D0B5-46A3-A6E3-01A0AB0C4A73} = {8030299A-5102-4616-A61D-0717E7A1B7DF}
		{DA549EAF-35D2-4F46-9E0B-F22A1855D836} = {6CE35384-D0B5-46A3-A6E3-01A0AB0C4A73}
		{56F51F94-B543-4CBF-B666-B42E2E71F662} = {6CE35384-D0B5-46A3-A6E3-01A0AB0C4A73}
		{FE85556E-87E8-4289-BA6A-DC20B54363E7} = {6CE35384-D0B5-46A3-A6E3-01A0AB0C4A73}
	EndGlobalSection
EndGlobal
